// !$*UTF8*$!
{
	archiveVersion = 1;
	classes = {
	};
	objectVersion = 52;
	objects = {

/* Begin PBXBuildFile section */
		8800FBF2250472CE00E192D8 /* AddCustomMovieView.swift in Sources */ = {isa = PBXBuildFile; fileRef = 8800FBF1250472CE00E192D8 /* AddCustomMovieView.swift */; };
		8800FBF4250494F900E192D8 /* Constants.swift in Sources */ = {isa = PBXBuildFile; fileRef = 8800FBF3250494F900E192D8 /* Constants.swift */; };
		8800FBF82505B89800E192D8 /* ActivityIndicator.swift in Sources */ = {isa = PBXBuildFile; fileRef = 8800FBF72505B89800E192D8 /* ActivityIndicator.swift */; };
		8800FBFB2506CC4400E192D8 /* PartialSheet in Frameworks */ = {isa = PBXBuildFile; productRef = 8800FBFA2506CC4400E192D8 /* PartialSheet */; };
		881D528A24FB7F66004F2C7E /* SavedMovie+CoreDataProperties.swift in Sources */ = {isa = PBXBuildFile; fileRef = 881D528824FB7F66004F2C7E /* SavedMovie+CoreDataProperties.swift */; };
		88267D5F24F6A33000F7C76F /* SearchBar.swift in Sources */ = {isa = PBXBuildFile; fileRef = 88267D5E24F6A33000F7C76F /* SearchBar.swift */; };
		88267D6124F6A70800F7C76F /* MovieDetailView.swift in Sources */ = {isa = PBXBuildFile; fileRef = 88267D6024F6A70800F7C76F /* MovieDetailView.swift */; };
		88267D6324F6AE6100F7C76F /* EnvironmentValues.swift in Sources */ = {isa = PBXBuildFile; fileRef = 88267D6224F6AE6100F7C76F /* EnvironmentValues.swift */; };
		88267D6A24F77A0C00F7C76F /* URLImage in Frameworks */ = {isa = PBXBuildFile; productRef = 88267D6924F77A0C00F7C76F /* URLImage */; };
		88267D6C24F7D5F400F7C76F /* Colors.swift in Sources */ = {isa = PBXBuildFile; fileRef = 88267D6B24F7D5F400F7C76F /* Colors.swift */; };
		88267D7424F80C1D00F7C76F /* ApiResource.swift in Sources */ = {isa = PBXBuildFile; fileRef = 88267D7324F80C1D00F7C76F /* ApiResource.swift */; };
		88267D7724F81AE500F7C76F /* Movie.swift in Sources */ = {isa = PBXBuildFile; fileRef = 88267D7624F81AE500F7C76F /* Movie.swift */; };
		882E5A6F25002A6B004DE4C7 /* ProfileImage.swift in Sources */ = {isa = PBXBuildFile; fileRef = 882E5A6E25002A6B004DE4C7 /* ProfileImage.swift */; };
		885D162B24F9C03500FDA968 /* MovieImage.swift in Sources */ = {isa = PBXBuildFile; fileRef = 885D162A24F9C03500FDA968 /* MovieImage.swift */; };
		885D165424FA8A0500FDA968 /* WatchlistData.xcdatamodeld in Sources */ = {isa = PBXBuildFile; fileRef = 885D165224FA8A0500FDA968 /* WatchlistData.xcdatamodeld */; };
		885F96CE24FADA6500FD5F74 /* SavedMovie+CoreDataClass.swift in Sources */ = {isa = PBXBuildFile; fileRef = 885F96CC24FADA6500FD5F74 /* SavedMovie+CoreDataClass.swift */; };
		887F51B824F5FF8700064B5A /* AppDelegate.swift in Sources */ = {isa = PBXBuildFile; fileRef = 887F51B724F5FF8700064B5A /* AppDelegate.swift */; };
		887F51BA24F5FF8700064B5A /* SceneDelegate.swift in Sources */ = {isa = PBXBuildFile; fileRef = 887F51B924F5FF8700064B5A /* SceneDelegate.swift */; };
		887F51BC24F5FF8700064B5A /* ContentView.swift in Sources */ = {isa = PBXBuildFile; fileRef = 887F51BB24F5FF8700064B5A /* ContentView.swift */; };
		887F51BE24F5FF8800064B5A /* Assets.xcassets in Resources */ = {isa = PBXBuildFile; fileRef = 887F51BD24F5FF8800064B5A /* Assets.xcassets */; };
		887F51C124F5FF8800064B5A /* Preview Assets.xcassets in Resources */ = {isa = PBXBuildFile; fileRef = 887F51C024F5FF8800064B5A /* Preview Assets.xcassets */; };
		887F51C424F5FF8800064B5A /* LaunchScreen.storyboard in Resources */ = {isa = PBXBuildFile; fileRef = 887F51C224F5FF8800064B5A /* LaunchScreen.storyboard */; };
		887F51CE24F6016F00064B5A /* SavedMovies.swift in Sources */ = {isa = PBXBuildFile; fileRef = 887F51CD24F6016F00064B5A /* SavedMovies.swift */; };
		887F51D224F618F100064B5A /* TMDB.swift in Sources */ = {isa = PBXBuildFile; fileRef = 887F51D124F618F100064B5A /* TMDB.swift */; };
		887F51D424F62D8000064B5A /* MovieSearchView.swift in Sources */ = {isa = PBXBuildFile; fileRef = 887F51D324F62D8000064B5A /* MovieSearchView.swift */; };
		887F51D824F6755100064B5A /* AppController.swift in Sources */ = {isa = PBXBuildFile; fileRef = 887F51D724F6755100064B5A /* AppController.swift */; };
/* End PBXBuildFile section */

/* Begin PBXFileReference section */
		8800FBF1250472CE00E192D8 /* AddCustomMovieView.swift */ = {isa = PBXFileReference; lastKnownFileType = sourcecode.swift; path = AddCustomMovieView.swift; sourceTree = "<group>"; };
		8800FBF3250494F900E192D8 /* Constants.swift */ = {isa = PBXFileReference; lastKnownFileType = sourcecode.swift; path = Constants.swift; sourceTree = "<group>"; };
		8800FBF72505B89800E192D8 /* ActivityIndicator.swift */ = {isa = PBXFileReference; lastKnownFileType = sourcecode.swift; path = ActivityIndicator.swift; sourceTree = "<group>"; };
		881D528824FB7F66004F2C7E /* SavedMovie+CoreDataProperties.swift */ = {isa = PBXFileReference; lastKnownFileType = sourcecode.swift; name = "SavedMovie+CoreDataProperties.swift"; path = "../../SavedMovie+CoreDataProperties.swift"; sourceTree = "<group>"; };
		88267D5E24F6A33000F7C76F /* SearchBar.swift */ = {isa = PBXFileReference; lastKnownFileType = sourcecode.swift; path = SearchBar.swift; sourceTree = "<group>"; };
		88267D6024F6A70800F7C76F /* MovieDetailView.swift */ = {isa = PBXFileReference; lastKnownFileType = sourcecode.swift; path = MovieDetailView.swift; sourceTree = "<group>"; };
		88267D6224F6AE6100F7C76F /* EnvironmentValues.swift */ = {isa = PBXFileReference; lastKnownFileType = sourcecode.swift; path = EnvironmentValues.swift; sourceTree = "<group>"; };
		88267D6B24F7D5F400F7C76F /* Colors.swift */ = {isa = PBXFileReference; lastKnownFileType = sourcecode.swift; path = Colors.swift; sourceTree = "<group>"; };
		88267D7324F80C1D00F7C76F /* ApiResource.swift */ = {isa = PBXFileReference; lastKnownFileType = sourcecode.swift; path = ApiResource.swift; sourceTree = "<group>"; };
		88267D7624F81AE500F7C76F /* Movie.swift */ = {isa = PBXFileReference; lastKnownFileType = sourcecode.swift; path = Movie.swift; sourceTree = "<group>"; };
		882E5A6E25002A6B004DE4C7 /* ProfileImage.swift */ = {isa = PBXFileReference; lastKnownFileType = sourcecode.swift; path = ProfileImage.swift; sourceTree = "<group>"; };
		885D162A24F9C03500FDA968 /* MovieImage.swift */ = {isa = PBXFileReference; lastKnownFileType = sourcecode.swift; path = MovieImage.swift; sourceTree = "<group>"; };
		885D165324FA8A0500FDA968 /* WatchlistData.xcdatamodel */ = {isa = PBXFileReference; lastKnownFileType = wrapper.xcdatamodel; path = WatchlistData.xcdatamodel; sourceTree = "<group>"; };
		885F96CC24FADA6500FD5F74 /* SavedMovie+CoreDataClass.swift */ = {isa = PBXFileReference; lastKnownFileType = sourcecode.swift; path = "SavedMovie+CoreDataClass.swift"; sourceTree = "<group>"; };
		887F51B424F5FF8700064B5A /* FilmCache.app */ = {isa = PBXFileReference; explicitFileType = wrapper.application; includeInIndex = 0; path = FilmCache.app; sourceTree = BUILT_PRODUCTS_DIR; };
		887F51B724F5FF8700064B5A /* AppDelegate.swift */ = {isa = PBXFileReference; lastKnownFileType = sourcecode.swift; path = AppDelegate.swift; sourceTree = "<group>"; };
		887F51B924F5FF8700064B5A /* SceneDelegate.swift */ = {isa = PBXFileReference; lastKnownFileType = sourcecode.swift; path = SceneDelegate.swift; sourceTree = "<group>"; };
		887F51BB24F5FF8700064B5A /* ContentView.swift */ = {isa = PBXFileReference; lastKnownFileType = sourcecode.swift; path = ContentView.swift; sourceTree = "<group>"; };
		887F51BD24F5FF8800064B5A /* Assets.xcassets */ = {isa = PBXFileReference; lastKnownFileType = folder.assetcatalog; path = Assets.xcassets; sourceTree = "<group>"; };
		887F51C024F5FF8800064B5A /* Preview Assets.xcassets */ = {isa = PBXFileReference; lastKnownFileType = folder.assetcatalog; path = "Preview Assets.xcassets"; sourceTree = "<group>"; };
		887F51C324F5FF8800064B5A /* Base */ = {isa = PBXFileReference; lastKnownFileType = file.storyboard; name = Base; path = Base.lproj/LaunchScreen.storyboard; sourceTree = "<group>"; };
		887F51C524F5FF8800064B5A /* Info.plist */ = {isa = PBXFileReference; lastKnownFileType = text.plist.xml; path = Info.plist; sourceTree = "<group>"; };
		887F51CD24F6016F00064B5A /* SavedMovies.swift */ = {isa = PBXFileReference; lastKnownFileType = sourcecode.swift; path = SavedMovies.swift; sourceTree = "<group>"; };
		887F51D124F618F100064B5A /* TMDB.swift */ = {isa = PBXFileReference; lastKnownFileType = sourcecode.swift; path = TMDB.swift; sourceTree = "<group>"; };
		887F51D324F62D8000064B5A /* MovieSearchView.swift */ = {isa = PBXFileReference; lastKnownFileType = sourcecode.swift; path = MovieSearchView.swift; sourceTree = "<group>"; };
		887F51D724F6755100064B5A /* AppController.swift */ = {isa = PBXFileReference; lastKnownFileType = sourcecode.swift; path = AppController.swift; sourceTree = "<group>"; };
/* End PBXFileReference section */

/* Begin PBXFrameworksBuildPhase section */
		887F51B124F5FF8700064B5A /* Frameworks */ = {
			isa = PBXFrameworksBuildPhase;
			buildActionMask = 2147483647;
			files = (
				8800FBFB2506CC4400E192D8 /* PartialSheet in Frameworks */,
				88267D6A24F77A0C00F7C76F /* URLImage in Frameworks */,
			);
			runOnlyForDeploymentPostprocessing = 0;
		};
/* End PBXFrameworksBuildPhase section */

/* Begin PBXGroup section */
		88267D7524F80C2F00F7C76F /* API */ = {
			isa = PBXGroup;
			children = (
				88267D7324F80C1D00F7C76F /* ApiResource.swift */,
				887F51D124F618F100064B5A /* TMDB.swift */,
			);
			path = API;
			sourceTree = "<group>";
		};
		887F51AB24F5FF8700064B5A = {
			isa = PBXGroup;
			children = (
				887F51B624F5FF8700064B5A /* watchlist */,
				887F51B524F5FF8700064B5A /* Products */,
			);
			sourceTree = "<group>";
		};
		887F51B524F5FF8700064B5A /* Products */ = {
			isa = PBXGroup;
			children = (
				887F51B424F5FF8700064B5A /* FilmCache.app */,
			);
			name = Products;
			sourceTree = "<group>";
		};
		887F51B624F5FF8700064B5A /* watchlist */ = {
			isa = PBXGroup;
			children = (
				88267D6B24F7D5F400F7C76F /* Colors.swift */,
				88267D6224F6AE6100F7C76F /* EnvironmentValues.swift */,
				887F51CC24F600D700064B5A /* Models */,
				887F51CB24F600CC00064B5A /* Views */,
				887F51B724F5FF8700064B5A /* AppDelegate.swift */,
				887F51B924F5FF8700064B5A /* SceneDelegate.swift */,
				887F51BD24F5FF8800064B5A /* Assets.xcassets */,
				887F51C224F5FF8800064B5A /* LaunchScreen.storyboard */,
				887F51C524F5FF8800064B5A /* Info.plist */,
				885D165224FA8A0500FDA968 /* WatchlistData.xcdatamodeld */,
				887F51BF24F5FF8800064B5A /* Preview Content */,
				8800FBF3250494F900E192D8 /* Constants.swift */,
			);
			path = watchlist;
			sourceTree = "<group>";
		};
		887F51BF24F5FF8800064B5A /* Preview Content */ = {
			isa = PBXGroup;
			children = (
				887F51C024F5FF8800064B5A /* Preview Assets.xcassets */,
			);
			path = "Preview Content";
			sourceTree = "<group>";
		};
		887F51CB24F600CC00064B5A /* Views */ = {
			isa = PBXGroup;
			children = (
				887F51BB24F5FF8700064B5A /* ContentView.swift */,
				887F51CD24F6016F00064B5A /* SavedMovies.swift */,
				887F51D324F62D8000064B5A /* MovieSearchView.swift */,
				8800FBF1250472CE00E192D8 /* AddCustomMovieView.swift */,
				88267D6024F6A70800F7C76F /* MovieDetailView.swift */,
				8800FBF72505B89800E192D8 /* ActivityIndicator.swift */,
				882E5A6E25002A6B004DE4C7 /* ProfileImage.swift */,
				885D162A24F9C03500FDA968 /* MovieImage.swift */,
				88267D5E24F6A33000F7C76F /* SearchBar.swift */,
			);
			path = Views;
			sourceTree = "<group>";
		};
		887F51CC24F600D700064B5A /* Models */ = {
			isa = PBXGroup;
			children = (
				885F96CC24FADA6500FD5F74 /* SavedMovie+CoreDataClass.swift */,
				881D528824FB7F66004F2C7E /* SavedMovie+CoreDataProperties.swift */,
				88267D7524F80C2F00F7C76F /* API */,
				88267D7624F81AE500F7C76F /* Movie.swift */,
				887F51D724F6755100064B5A /* AppController.swift */,
			);
			path = Models;
			sourceTree = "<group>";
		};
/* End PBXGroup section */

/* Begin PBXNativeTarget section */
		887F51B324F5FF8700064B5A /* watchlist */ = {
			isa = PBXNativeTarget;
			buildConfigurationList = 887F51C824F5FF8800064B5A /* Build configuration list for PBXNativeTarget "watchlist" */;
			buildPhases = (
				887F51B024F5FF8700064B5A /* Sources */,
				887F51B124F5FF8700064B5A /* Frameworks */,
				887F51B224F5FF8700064B5A /* Resources */,
			);
			buildRules = (
			);
			dependencies = (
			);
			name = watchlist;
			packageProductDependencies = (
				88267D6924F77A0C00F7C76F /* URLImage */,
				8800FBFA2506CC4400E192D8 /* PartialSheet */,
			);
			productName = watchlist;
			productReference = 887F51B424F5FF8700064B5A /* FilmCache.app */;
			productType = "com.apple.product-type.application";
		};
/* End PBXNativeTarget section */

/* Begin PBXProject section */
		887F51AC24F5FF8700064B5A /* Project object */ = {
			isa = PBXProject;
			attributes = {
				LastSwiftUpdateCheck = 1160;
				LastUpgradeCheck = 1160;
				ORGANIZATIONNAME = "Reed Metzler-Gilbertz";
				TargetAttributes = {
					887F51B324F5FF8700064B5A = {
						CreatedOnToolsVersion = 11.6;
					};
				};
			};
			buildConfigurationList = 887F51AF24F5FF8700064B5A /* Build configuration list for PBXProject "watchlist" */;
			compatibilityVersion = "Xcode 9.3";
			developmentRegion = en;
			hasScannedForEncodings = 0;
			knownRegions = (
				en,
				Base,
			);
			mainGroup = 887F51AB24F5FF8700064B5A;
			packageReferences = (
				88267D6824F77A0C00F7C76F /* XCRemoteSwiftPackageReference "url-image" */,
				8800FBF92506CC4400E192D8 /* XCRemoteSwiftPackageReference "PartialSheet" */,
			);
			productRefGroup = 887F51B524F5FF8700064B5A /* Products */;
			projectDirPath = "";
			projectRoot = "";
			targets = (
				887F51B324F5FF8700064B5A /* watchlist */,
			);
		};
/* End PBXProject section */

/* Begin PBXResourcesBuildPhase section */
		887F51B224F5FF8700064B5A /* Resources */ = {
			isa = PBXResourcesBuildPhase;
			buildActionMask = 2147483647;
			files = (
				887F51C424F5FF8800064B5A /* LaunchScreen.storyboard in Resources */,
				887F51C124F5FF8800064B5A /* Preview Assets.xcassets in Resources */,
				887F51BE24F5FF8800064B5A /* Assets.xcassets in Resources */,
			);
			runOnlyForDeploymentPostprocessing = 0;
		};
/* End PBXResourcesBuildPhase section */

/* Begin PBXSourcesBuildPhase section */
		887F51B024F5FF8700064B5A /* Sources */ = {
			isa = PBXSourcesBuildPhase;
			buildActionMask = 2147483647;
			files = (
				885F96CE24FADA6500FD5F74 /* SavedMovie+CoreDataClass.swift in Sources */,
				887F51B824F5FF8700064B5A /* AppDelegate.swift in Sources */,
				8800FBF2250472CE00E192D8 /* AddCustomMovieView.swift in Sources */,
				88267D6C24F7D5F400F7C76F /* Colors.swift in Sources */,
				8800FBF82505B89800E192D8 /* ActivityIndicator.swift in Sources */,
				881D528A24FB7F66004F2C7E /* SavedMovie+CoreDataProperties.swift in Sources */,
				88267D7724F81AE500F7C76F /* Movie.swift in Sources */,
				88267D6324F6AE6100F7C76F /* EnvironmentValues.swift in Sources */,
				885D162B24F9C03500FDA968 /* MovieImage.swift in Sources */,
				887F51D424F62D8000064B5A /* MovieSearchView.swift in Sources */,
				887F51BA24F5FF8700064B5A /* SceneDelegate.swift in Sources */,
				887F51CE24F6016F00064B5A /* SavedMovies.swift in Sources */,
				885D165424FA8A0500FDA968 /* WatchlistData.xcdatamodeld in Sources */,
				882E5A6F25002A6B004DE4C7 /* ProfileImage.swift in Sources */,
				887F51BC24F5FF8700064B5A /* ContentView.swift in Sources */,
				887F51D224F618F100064B5A /* TMDB.swift in Sources */,
				8800FBF4250494F900E192D8 /* Constants.swift in Sources */,
				88267D5F24F6A33000F7C76F /* SearchBar.swift in Sources */,
				887F51D824F6755100064B5A /* AppController.swift in Sources */,
				88267D7424F80C1D00F7C76F /* ApiResource.swift in Sources */,
				88267D6124F6A70800F7C76F /* MovieDetailView.swift in Sources */,
			);
			runOnlyForDeploymentPostprocessing = 0;
		};
/* End PBXSourcesBuildPhase section */

/* Begin PBXVariantGroup section */
		887F51C224F5FF8800064B5A /* LaunchScreen.storyboard */ = {
			isa = PBXVariantGroup;
			children = (
				887F51C324F5FF8800064B5A /* Base */,
			);
			name = LaunchScreen.storyboard;
			sourceTree = "<group>";
		};
/* End PBXVariantGroup section */

/* Begin XCBuildConfiguration section */
		887F51C624F5FF8800064B5A /* Debug */ = {
			isa = XCBuildConfiguration;
			buildSettings = {
				ALWAYS_SEARCH_USER_PATHS = NO;
				CLANG_ANALYZER_NONNULL = YES;
				CLANG_ANALYZER_NUMBER_OBJECT_CONVERSION = YES_AGGRESSIVE;
				CLANG_CXX_LANGUAGE_STANDARD = "gnu++14";
				CLANG_CXX_LIBRARY = "libc++";
				CLANG_ENABLE_MODULES = YES;
				CLANG_ENABLE_OBJC_ARC = YES;
				CLANG_ENABLE_OBJC_WEAK = YES;
				CLANG_WARN_BLOCK_CAPTURE_AUTORELEASING = YES;
				CLANG_WARN_BOOL_CONVERSION = YES;
				CLANG_WARN_COMMA = YES;
				CLANG_WARN_CONSTANT_CONVERSION = YES;
				CLANG_WARN_DEPRECATED_OBJC_IMPLEMENTATIONS = YES;
				CLANG_WARN_DIRECT_OBJC_ISA_USAGE = YES_ERROR;
				CLANG_WARN_DOCUMENTATION_COMMENTS = YES;
				CLANG_WARN_EMPTY_BODY = YES;
				CLANG_WARN_ENUM_CONVERSION = YES;
				CLANG_WARN_INFINITE_RECURSION = YES;
				CLANG_WARN_INT_CONVERSION = YES;
				CLANG_WARN_NON_LITERAL_NULL_CONVERSION = YES;
				CLANG_WARN_OBJC_IMPLICIT_RETAIN_SELF = YES;
				CLANG_WARN_OBJC_LITERAL_CONVERSION = YES;
				CLANG_WARN_OBJC_ROOT_CLASS = YES_ERROR;
				CLANG_WARN_RANGE_LOOP_ANALYSIS = YES;
				CLANG_WARN_STRICT_PROTOTYPES = YES;
				CLANG_WARN_SUSPICIOUS_MOVE = YES;
				CLANG_WARN_UNGUARDED_AVAILABILITY = YES_AGGRESSIVE;
				CLANG_WARN_UNREACHABLE_CODE = YES;
				CLANG_WARN__DUPLICATE_METHOD_MATCH = YES;
				COPY_PHASE_STRIP = NO;
				DEBUG_INFORMATION_FORMAT = dwarf;
				ENABLE_STRICT_OBJC_MSGSEND = YES;
				ENABLE_TESTABILITY = YES;
				GCC_C_LANGUAGE_STANDARD = gnu11;
				GCC_DYNAMIC_NO_PIC = NO;
				GCC_NO_COMMON_BLOCKS = YES;
				GCC_OPTIMIZATION_LEVEL = 0;
				GCC_PREPROCESSOR_DEFINITIONS = (
					"DEBUG=1",
					"$(inherited)",
				);
				GCC_WARN_64_TO_32_BIT_CONVERSION = YES;
				GCC_WARN_ABOUT_RETURN_TYPE = YES_ERROR;
				GCC_WARN_UNDECLARED_SELECTOR = YES;
				GCC_WARN_UNINITIALIZED_AUTOS = YES_AGGRESSIVE;
				GCC_WARN_UNUSED_FUNCTION = YES;
				GCC_WARN_UNUSED_VARIABLE = YES;
				IPHONEOS_DEPLOYMENT_TARGET = 13.6;
				MTL_ENABLE_DEBUG_INFO = INCLUDE_SOURCE;
				MTL_FAST_MATH = YES;
				ONLY_ACTIVE_ARCH = YES;
				SDKROOT = iphoneos;
				SWIFT_ACTIVE_COMPILATION_CONDITIONS = DEBUG;
				SWIFT_OPTIMIZATION_LEVEL = "-Onone";
			};
			name = Debug;
		};
		887F51C724F5FF8800064B5A /* Release */ = {
			isa = XCBuildConfiguration;
			buildSettings = {
				ALWAYS_SEARCH_USER_PATHS = NO;
				CLANG_ANALYZER_NONNULL = YES;
				CLANG_ANALYZER_NUMBER_OBJECT_CONVERSION = YES_AGGRESSIVE;
				CLANG_CXX_LANGUAGE_STANDARD = "gnu++14";
				CLANG_CXX_LIBRARY = "libc++";
				CLANG_ENABLE_MODULES = YES;
				CLANG_ENABLE_OBJC_ARC = YES;
				CLANG_ENABLE_OBJC_WEAK = YES;
				CLANG_WARN_BLOCK_CAPTURE_AUTORELEASING = YES;
				CLANG_WARN_BOOL_CONVERSION = YES;
				CLANG_WARN_COMMA = YES;
				CLANG_WARN_CONSTANT_CONVERSION = YES;
				CLANG_WARN_DEPRECATED_OBJC_IMPLEMENTATIONS = YES;
				CLANG_WARN_DIRECT_OBJC_ISA_USAGE = YES_ERROR;
				CLANG_WARN_DOCUMENTATION_COMMENTS = YES;
				CLANG_WARN_EMPTY_BODY = YES;
				CLANG_WARN_ENUM_CONVERSION = YES;
				CLANG_WARN_INFINITE_RECURSION = YES;
				CLANG_WARN_INT_CONVERSION = YES;
				CLANG_WARN_NON_LITERAL_NULL_CONVERSION = YES;
				CLANG_WARN_OBJC_IMPLICIT_RETAIN_SELF = YES;
				CLANG_WARN_OBJC_LITERAL_CONVERSION = YES;
				CLANG_WARN_OBJC_ROOT_CLASS = YES_ERROR;
				CLANG_WARN_RANGE_LOOP_ANALYSIS = YES;
				CLANG_WARN_STRICT_PROTOTYPES = YES;
				CLANG_WARN_SUSPICIOUS_MOVE = YES;
				CLANG_WARN_UNGUARDED_AVAILABILITY = YES_AGGRESSIVE;
				CLANG_WARN_UNREACHABLE_CODE = YES;
				CLANG_WARN__DUPLICATE_METHOD_MATCH = YES;
				COPY_PHASE_STRIP = NO;
				DEBUG_INFORMATION_FORMAT = "dwarf-with-dsym";
				ENABLE_NS_ASSERTIONS = NO;
				ENABLE_STRICT_OBJC_MSGSEND = YES;
				GCC_C_LANGUAGE_STANDARD = gnu11;
				GCC_NO_COMMON_BLOCKS = YES;
				GCC_WARN_64_TO_32_BIT_CONVERSION = YES;
				GCC_WARN_ABOUT_RETURN_TYPE = YES_ERROR;
				GCC_WARN_UNDECLARED_SELECTOR = YES;
				GCC_WARN_UNINITIALIZED_AUTOS = YES_AGGRESSIVE;
				GCC_WARN_UNUSED_FUNCTION = YES;
				GCC_WARN_UNUSED_VARIABLE = YES;
				IPHONEOS_DEPLOYMENT_TARGET = 13.6;
				MTL_ENABLE_DEBUG_INFO = NO;
				MTL_FAST_MATH = YES;
				SDKROOT = iphoneos;
				SWIFT_COMPILATION_MODE = wholemodule;
				SWIFT_OPTIMIZATION_LEVEL = "-O";
				VALIDATE_PRODUCT = YES;
			};
			name = Release;
		};
		887F51C924F5FF8800064B5A /* Debug */ = {
			isa = XCBuildConfiguration;
			buildSettings = {
				ASSETCATALOG_COMPILER_APPICON_NAME = AppIcon;
				CODE_SIGN_IDENTITY = "Apple Development";
				CODE_SIGN_STYLE = Automatic;
				DEVELOPMENT_ASSET_PATHS = "\"watchlist/Preview Content\"";
				DEVELOPMENT_TEAM = 7Z6UGT7ZS6;
				ENABLE_PREVIEWS = YES;
				INFOPLIST_FILE = watchlist/Info.plist;
				IPHONEOS_DEPLOYMENT_TARGET = 13.6;
				LD_RUNPATH_SEARCH_PATHS = (
					"$(inherited)",
					"@executable_path/Frameworks",
				);
				PRODUCT_BUNDLE_IDENTIFIER = com.metzlr.watchlist;
				PRODUCT_NAME = FilmCache;
				PROVISIONING_PROFILE_SPECIFIER = "";
				SWIFT_VERSION = 5.0;
				TARGETED_DEVICE_FAMILY = 1;
			};
			name = Debug;
		};
		887F51CA24F5FF8800064B5A /* Release */ = {
			isa = XCBuildConfiguration;
			buildSettings = {
				ASSETCATALOG_COMPILER_APPICON_NAME = AppIcon;
				CODE_SIGN_IDENTITY = "Apple Development";
				CODE_SIGN_STYLE = Automatic;
				DEVELOPMENT_ASSET_PATHS = "\"watchlist/Preview Content\"";
				DEVELOPMENT_TEAM = 7Z6UGT7ZS6;
				ENABLE_PREVIEWS = YES;
				INFOPLIST_FILE = watchlist/Info.plist;
				IPHONEOS_DEPLOYMENT_TARGET = 13.6;
				LD_RUNPATH_SEARCH_PATHS = (
					"$(inherited)",
					"@executable_path/Frameworks",
				);
				PRODUCT_BUNDLE_IDENTIFIER = com.metzlr.watchlist;
				PRODUCT_NAME = FilmCache;
				PROVISIONING_PROFILE_SPECIFIER = "";
				SWIFT_VERSION = 5.0;
				TARGETED_DEVICE_FAMILY = 1;
			};
			name = Release;
		};
/* End XCBuildConfiguration section */

/* Begin XCConfigurationList section */
		887F51AF24F5FF8700064B5A /* Build configuration list for PBXProject "watchlist" */ = {
			isa = XCConfigurationList;
			buildConfigurations = (
				887F51C624F5FF8800064B5A /* Debug */,
				887F51C724F5FF8800064B5A /* Release */,
			);
			defaultConfigurationIsVisible = 0;
			defaultConfigurationName = Release;
		};
		887F51C824F5FF8800064B5A /* Build configuration list for PBXNativeTarget "watchlist" */ = {
			isa = XCConfigurationList;
			buildConfigurations = (
				887F51C924F5FF8800064B5A /* Debug */,
				887F51CA24F5FF8800064B5A /* Release */,
			);
			defaultConfigurationIsVisible = 0;
			defaultConfigurationName = Release;
		};
/* End XCConfigurationList section */

/* Begin XCRemoteSwiftPackageReference section */
		8800FBF92506CC4400E192D8 /* XCRemoteSwiftPackageReference "PartialSheet" */ = {
			isa = XCRemoteSwiftPackageReference;
			repositoryURL = "https://github.com/AndreaMiotto/PartialSheet.git";
			requirement = {
				kind = upToNextMajorVersion;
				minimumVersion = 2.1.9;
			};
		};
		88267D6824F77A0C00F7C76F /* XCRemoteSwiftPackageReference "url-image" */ = {
			isa = XCRemoteSwiftPackageReference;
			repositoryURL = "https://github.com/dmytro-anokhin/url-image.git";
			requirement = {
				kind = upToNextMajorVersion;
				minimumVersion = 0.9.19;
			};
		};
/* End XCRemoteSwiftPackageReference section */

/* Begin XCSwiftPackageProductDependency section */
		8800FBFA2506CC4400E192D8 /* PartialSheet */ = {
			isa = XCSwiftPackageProductDependency;
			package = 8800FBF92506CC4400E192D8 /* XCRemoteSwiftPackageReference "PartialSheet" */;
			productName = PartialSheet;
		};
		88267D6924F77A0C00F7C76F /* URLImage */ = {
			isa = XCSwiftPackageProductDependency;
			package = 88267D6824F77A0C00F7C76F /* XCRemoteSwiftPackageReference "url-image" */;
			productName = URLImage;
		};
/* End XCSwiftPackageProductDependency section */

/* Begin XCVersionGroup section */
		885D165224FA8A0500FDA968 /* WatchlistData.xcdatamodeld */ = {
			isa = XCVersionGroup;
			children = (
				885D165324FA8A0500FDA968 /* WatchlistData.xcdatamodel */,
			);
			currentVersion = 885D165324FA8A0500FDA968 /* WatchlistData.xcdatamodel */;
			path = WatchlistData.xcdatamodeld;
			sourceTree = "<group>";
			versionGroupType = wrapper.xcdatamodel;
		};
/* End XCVersionGroup section */
	};
	rootObject = 887F51AC24F5FF8700064B5A /* Project object */;
}
